
Microsoft Visual Studio Solution File, Format Version 12.00
# Visual Studio Version 17
VisualStudioVersion = 17.11.35303.130
MinimumVisualStudioVersion = 10.0.40219.1
Project("{9A19103F-16F7-4668-BE54-9A1E7A4F7556}") = "Hệ mật mã", "Hệ mật mã\Hệ mật mã.csproj", "{77FAE993-6F4A-4577-9CFC-54219672846D}"
EndProject
Global
	GlobalSection(SolutionConfigurationPlatforms) = preSolution
		Debug|Any CPU = Debug|Any CPU
		Release|Any CPU = Release|Any CPU
	EndGlobalSection
	GlobalSection(ProjectConfigurationPlatforms) = postSolution
		{77FAE993-6F4A-4577-9CFC-54219672846D}.Debug|Any CPU.ActiveCfg = Debug|Any CPU
		{77FAE993-6F4A-4577-9CFC-54219672846D}.Debug|Any CPU.Build.0 = Debug|Any CPU
		{77FAE993-6F4A-4577-9CFC-54219672846D}.Release|Any CPU.ActiveCfg = Release|Any CPU
		{77FAE993-6F4A-4577-9CFC-54219672846D}.Release|Any CPU.Build.0 = Release|Any CPU
	EndGlobalSection
	GlobalSection(SolutionProperties) = preSolution
		HideSolutionNode = FALSE
	EndGlobalSection
	GlobalSection(ExtensibilityGlobals) = postSolution
		SolutionGuid = {4E9563A4-38AE-4508-8198-3287F99408B5}
	EndGlobalSection
EndGlobal
